// !$*UTF8*$!
{
	archiveVersion = 1;
	classes = {
	};
	objectVersion = 45;
	objects = {

/* Begin PBXBuildFile section */
		08385625181A001296279835 /* libvisualframework.a in Frameworks */ = {isa = PBXBuildFile; fileRef = 6F6103CE6F29001296279835 /* libvisualframework.a */; };
		0D7469501642001296279835 /* testMain.cpp in Sources */ = {isa = PBXBuildFile; fileRef = 3269149C33DB001296279835 /* testMain.cpp */; };
		182829047511001296279835 /* TestApp.cpp in Sources */ = {isa = PBXBuildFile; fileRef = 69683D5D2689001296279835 /* TestApp.cpp */; };
		6A5D038A6314001296279835 /* ClassTests.cpp in Sources */ = {isa = PBXBuildFile; fileRef = 66CA7A8A0745001296279835 /* ClassTests.cpp */; };
/* End PBXBuildFile section */

/* Begin PBXContainerItemProxy section */
		10711A3F30C7001296279835 /* PBXContainerItemProxy */ = {
			isa = PBXContainerItemProxy;
			containerPortal = 08C017611E9B001296279835 /* visualframework.xcodeproj */;
			proxyType = 1;
			remoteGlobalIDString = 2A8D4D93766A001296279835;
			remoteInfo = libvisualframework.a;
		};
		436D641E15B4001296279835 /* PBXContainerItemProxy */ = {
			isa = PBXContainerItemProxy;
			containerPortal = 08C017611E9B001296279835 /* visualframework.xcodeproj */;
			proxyType = 2;
			remoteGlobalIDString = 151327BE30A7001296279835;
			remoteInfo = libvisualframework.a;
		};
/* End PBXContainerItemProxy section */

/* Begin PBXFileReference section */
		08C017611E9B001296279835 /* visualframework.xcodeproj */ = {isa = PBXFileReference; lastKnownFileType = "wrapper.pb-project"; path = visualframework.xcodeproj; sourceTree = SOURCE_ROOT; };
		2C0D15AE6FDE001296279835 /* vftest */ = {isa = PBXFileReference; explicitFileType = "compiled.mach-o.executable"; includeInIndex = 0; path = vftest; sourceTree = BUILT_PRODUCTS_DIR; };
		3269149C33DB001296279835 /* testMain.cpp */ = {isa = PBXFileReference; lastKnownFileType = sourcecode.cpp.cpp; path = testMain.cpp; sourceTree = "<group>"; };
		498C1CBA054E001296279835 /* ClassTests.h */ = {isa = PBXFileReference; lastKnownFileType = sourcecode.c.h; path = ClassTests.h; sourceTree = "<group>"; };
		574E7A0E43DE001296279835 /* TestApp.h */ = {isa = PBXFileReference; lastKnownFileType = sourcecode.c.h; path = TestApp.h; sourceTree = "<group>"; };
		66CA7A8A0745001296279835 /* ClassTests.cpp */ = {isa = PBXFileReference; lastKnownFileType = sourcecode.cpp.cpp; path = ClassTests.cpp; sourceTree = "<group>"; };
		69683D5D2689001296279835 /* TestApp.cpp */ = {isa = PBXFileReference; lastKnownFileType = sourcecode.cpp.cpp; path = TestApp.cpp; sourceTree = "<group>"; };
/* End PBXFileReference section */

/* Begin PBXFrameworksBuildPhase section */
		7A4553D35905001296279835 /* Frameworks */ = {
			isa = PBXFrameworksBuildPhase;
			buildActionMask = 2147483647;
			files = (
				08385625181A001296279835 /* libvisualframework.a in Frameworks */,
			);
			runOnlyForDeploymentPostprocessing = 0;
		};
/* End PBXFrameworksBuildPhase section */

/* Begin PBXGroup section */
		103A5F5817CE001296279835 /* Projects */ = {
			isa = PBXGroup;
			children = (
				08C017611E9B001296279835 /* visualframework.xcodeproj */,
			);
			name = Projects;
			sourceTree = "<group>";
		};
		1C5D4FDB5FA5001296279835 /* test */ = {
			isa = PBXGroup;
			children = (
				66CA7A8A0745001296279835 /* ClassTests.cpp */,
				498C1CBA054E001296279835 /* ClassTests.h */,
				69683D5D2689001296279835 /* TestApp.cpp */,
				574E7A0E43DE001296279835 /* TestApp.h */,
				3269149C33DB001296279835 /* testMain.cpp */,
			);
			path = test;
			sourceTree = "<group>";
		};
		2C572441373B001296279835 /* vftest */ = {
			isa = PBXGroup;
			children = (
				387E6CD81570001296279835 /* src */,
				7EB350835620001296279835 /* Products */,
				103A5F5817CE001296279835 /* Projects */,
			);
			name = vftest;
			sourceTree = "<group>";
		};
		387E6CD81570001296279835 /* src */ = {
			isa = PBXGroup;
			children = (
				1C5D4FDB5FA5001296279835 /* test */,
			);
			name = src;
			path = ../src;
			sourceTree = "<group>";
		};
		4D7145EC1EBF001296279835 /* Products */ = {
			isa = PBXGroup;
			children = (
				6F6103CE6F29001296279835 /* libvisualframework.a */,
			);
			name = Products;
			sourceTree = "<group>";
		};
		7EB350835620001296279835 /* Products */ = {
			isa = PBXGroup;
			children = (
				2C0D15AE6FDE001296279835 /* vftest */,
			);
			name = Products;
			sourceTree = "<group>";
		};
/* End PBXGroup section */

/* Begin PBXNativeTarget section */
		76825D870A4F001296279835 /* vftest */ = {
			isa = PBXNativeTarget;
			buildConfigurationList = 0E8C178A0CC0001296279835 /* Build configuration list for PBXNativeTarget "vftest" */;
			buildPhases = (
				334923A2723E001296279835 /* Resources */,
				64742AD7428E001296279835 /* Sources */,
				7A4553D35905001296279835 /* Frameworks */,
			);
			buildRules = (
			);
			dependencies = (
				63420A1B07D8001296279835 /* PBXTargetDependency */,
			);
			name = vftest;
			productInstallPath = "$(HOME)/bin";
			productName = vftest;
			productReference = 2C0D15AE6FDE001296279835 /* vftest */;
			productType = "com.apple.product-type.tool";
		};
/* End PBXNativeTarget section */

/* Begin PBXProject section */
		08FB7793FE84155DC02AAC07 /* Project object */ = {
			isa = PBXProject;
			buildConfigurationList = 1DEB928908733DD80010E9CD /* Build configuration list for PBXProject "vftest" */;
			compatibilityVersion = "Xcode 3.1";
			developmentRegion = English;
			hasScannedForEncodings = 1;
			knownRegions = (
				English,
				Japanese,
				French,
				German,
			);
			mainGroup = 2C572441373B001296279835 /* vftest */;
			projectDirPath = "";
			projectReferences = (
				{
					ProductGroup = 4D7145EC1EBF001296279835 /* Products */;
					ProjectRef = 08C017611E9B001296279835 /* visualframework.xcodeproj */;
				},
			);
			projectRoot = "";
			targets = (
				76825D870A4F001296279835 /* vftest */,
			);
		};
/* End PBXProject section */

/* Begin PBXReferenceProxy section */
		6F6103CE6F29001296279835 /* libvisualframework.a */ = {
			isa = PBXReferenceProxy;
			fileType = archive.ar;
			path = libvisualframework.a;
			remoteRef = 436D641E15B4001296279835 /* PBXContainerItemProxy */;
			sourceTree = BUILT_PRODUCTS_DIR;
		};
/* End PBXReferenceProxy section */

/* Begin PBXResourcesBuildPhase section */
		334923A2723E001296279835 /* Resources */ = {
			isa = PBXResourcesBuildPhase;
			buildActionMask = 2147483647;
			files = (
			);
			runOnlyForDeploymentPostprocessing = 0;
		};
/* End PBXResourcesBuildPhase section */

/* Begin PBXSourcesBuildPhase section */
		64742AD7428E001296279835 /* Sources */ = {
			isa = PBXSourcesBuildPhase;
			buildActionMask = 2147483647;
			files = (
				6A5D038A6314001296279835 /* ClassTests.cpp in Sources */,
				182829047511001296279835 /* TestApp.cpp in Sources */,
				0D7469501642001296279835 /* testMain.cpp in Sources */,
			);
			runOnlyForDeploymentPostprocessing = 0;
		};
/* End PBXSourcesBuildPhase section */

/* Begin PBXTargetDependency section */
		63420A1B07D8001296279835 /* PBXTargetDependency */ = {
			isa = PBXTargetDependency;
			name = libvisualframework.a;
			targetProxy = 10711A3F30C7001296279835 /* PBXContainerItemProxy */;
		};
/* End PBXTargetDependency section */

/* Begin XCBuildConfiguration section */
		0B2422356292001296279835 /* Release */ = {
			isa = XCBuildConfiguration;
			buildSettings = {
				ALWAYS_SEARCH_USER_PATHS = NO;
				CONFIGURATION_BUILD_DIR = ../src/test;
				DEBUG_INFORMATION_FORMAT = "dwarf-with-dsym";
				GCC_DYNAMIC_NO_PIC = NO;
				GCC_MODEL_TUNING = G5;
				INSTALL_PATH = /usr/local/bin;
				PRODUCT_NAME = vftest;
			};
			name = Release;
		};
		213125DE1B1D001296279835 /* Debug */ = {
			isa = XCBuildConfiguration;
			buildSettings = {
				ALWAYS_SEARCH_USER_PATHS = NO;
				CONFIGURATION_BUILD_DIR = ../src/test;
				GCC_DYNAMIC_NO_PIC = NO;
				GCC_MODEL_TUNING = G5;
				INSTALL_PATH = /usr/local/bin;
				PRODUCT_NAME = vftest;
			};
			name = Debug;
		};
		4CD1600452C3001296279835 /* Debug */ = {
			isa = XCBuildConfiguration;
			buildSettings = {
				ARCHS = "$(NATIVE_ARCH_ACTUAL)";
				CONFIGURATION_BUILD_DIR = "$(SYMROOT)";
				CONFIGURATION_TEMP_DIR = "$(OBJROOT)";
				COPY_PHASE_STRIP = NO;
				GCC_C_LANGUAGE_STANDARD = gnu99;
				GCC_ENABLE_FIX_AND_CONTINUE = YES;
				GCC_OPTIMIZATION_LEVEL = 0;
				GCC_PREPROCESSOR_DEFINITIONS = DEBUG;
				GCC_WARN_ABOUT_RETURN_TYPE = YES;
				GCC_WARN_UNUSED_VARIABLE = YES;
				HEADER_SEARCH_PATHS = (
					../src,
					../src/visualframework,
				);
				OBJROOT = ../obj/Debug/vftest;
				ONLY_ACTIVE_ARCH = NO;
				OTHER_LDFLAGS = (
					"-llo",
					"-lpthread",
					"-lSDLmain",
					"-lSDL",
					"-lSDL_gfx",
					"-lSDL_image",
					"-lSDL_ttf",
					"-lSDL_net",
					"-Wl,-framework,Cocoa",
					"-Wl,-framework,OpenGL",
					"-Wl,-framework,ApplicationServices",
					"-Wl,-framework,Carbon",
					"-Wl,-framework,AudioToolbox",
					"-Wl,-framework,AudioUnit",
					"-Wl,-framework,IOKit",
				);
				PREBINDING = NO;
				SYMROOT = ../src/test;
			};
			name = Debug;
		};
		68A3344478C6001296279835 /* Release */ = {
			isa = XCBuildConfiguration;
			buildSettings = {
				ARCHS = "$(NATIVE_ARCH_ACTUAL)";
				CONFIGURATION_BUILD_DIR = "$(SYMROOT)";
				CONFIGURATION_TEMP_DIR = "$(OBJROOT)";
				GCC_C_LANGUAGE_STANDARD = gnu99;
				GCC_OPTIMIZATION_LEVEL = s;
				GCC_PREPROCESSOR_DEFINITIONS = NDEBUG;
				GCC_WARN_ABOUT_RETURN_TYPE = YES;
				GCC_WARN_UNUSED_VARIABLE = YES;
				HEADER_SEARCH_PATHS = (
					../src,
					../src/visualframework,
				);
				OBJROOT = ../obj/Release/vftest;
				ONLY_ACTIVE_ARCH = NO;
				OTHER_LDFLAGS = (
					"-llo",
					"-lpthread",
					"-lSDLmain",
					"-lSDL",
					"-lSDL_gfx",
					"-lSDL_image",
					"-lSDL_ttf",
					"-lSDL_net",
					"-Wl,-framework,Cocoa",
					"-Wl,-framework,OpenGL",
					"-Wl,-framework,ApplicationServices",
					"-Wl,-framework,Carbon",
					"-Wl,-framework,AudioToolbox",
					"-Wl,-framework,AudioUnit",
					"-Wl,-framework,IOKit",
				);
				PREBINDING = NO;
				SYMROOT = ../src/test;
			};
			name = Release;
		};
/* End XCBuildConfiguration section */

/* Begin XCConfigurationList section */
		0E8C178A0CC0001296279835 /* Build configuration list for PBXNativeTarget "vftest" */ = {
			isa = XCConfigurationList;
			buildConfigurations = (
				213125DE1B1D001296279835 /* Debug */,
				0B2422356292001296279835 /* Release */,
			);
			defaultConfigurationIsVisible = 0;
			defaultConfigurationName = Debug;
		};
		1DEB928908733DD80010E9CD /* Build configuration list for PBXProject "vftest" */ = {
			isa = XCConfigurationList;
			buildConfigurations = (
				4CD1600452C3001296279835 /* Debug */,
				68A3344478C6001296279835 /* Release */,
			);
			defaultConfigurationIsVisible = 0;
			defaultConfigurationName = Debug;
		};
/* End XCConfigurationList section */
	};
	rootObject = 08FB7793FE84155DC02AAC07 /* Project object */;
}
