// !$*UTF8*$!
{
	archiveVersion = 1;
	classes = {
	};
	objectVersion = 45;
	objects = {

/* Begin PBXFileReference section */
		3056610A10F55183007A4B62 /* Makefile.am */ = {isa = PBXFileReference; fileEncoding = 4; lastKnownFileType = text; path = Makefile.am; sourceTree = "<group>"; };
		3056610D10F55183007A4B62 /* ClassTests.cpp */ = {isa = PBXFileReference; fileEncoding = 4; lastKnownFileType = sourcecode.cpp.cpp; path = ClassTests.cpp; sourceTree = "<group>"; };
		3056610E10F55183007A4B62 /* ClassTests.h */ = {isa = PBXFileReference; fileEncoding = 4; lastKnownFileType = sourcecode.c.h; path = ClassTests.h; sourceTree = "<group>"; };
		3056610F10F55183007A4B62 /* Makefile.am */ = {isa = PBXFileReference; fileEncoding = 4; lastKnownFileType = text; path = Makefile.am; sourceTree = "<group>"; };
		3056611110F55183007A4B62 /* TestApp.cpp */ = {isa = PBXFileReference; fileEncoding = 4; lastKnownFileType = sourcecode.cpp.cpp; path = TestApp.cpp; sourceTree = "<group>"; };
		3056611210F55183007A4B62 /* TestApp.h */ = {isa = PBXFileReference; fileEncoding = 4; lastKnownFileType = sourcecode.c.h; path = TestApp.h; sourceTree = "<group>"; };
		3056611310F55183007A4B62 /* testMain.cpp */ = {isa = PBXFileReference; fileEncoding = 4; lastKnownFileType = sourcecode.cpp.cpp; path = testMain.cpp; sourceTree = "<group>"; };
		3056611410F55183007A4B62 /* testOSC.pd */ = {isa = PBXFileReference; fileEncoding = 4; lastKnownFileType = text; path = testOSC.pd; sourceTree = "<group>"; };
		3056611610F55183007A4B62 /* Application.cpp */ = {isa = PBXFileReference; fileEncoding = 4; lastKnownFileType = sourcecode.cpp.cpp; path = Application.cpp; sourceTree = "<group>"; };
		3056611710F55183007A4B62 /* Application.h */ = {isa = PBXFileReference; fileEncoding = 4; lastKnownFileType = sourcecode.c.h; path = Application.h; sourceTree = "<group>"; };
		3056611810F55183007A4B62 /* Common.h */ = {isa = PBXFileReference; fileEncoding = 4; lastKnownFileType = sourcecode.c.h; path = Common.h; sourceTree = "<group>"; };
		3056611A10F55183007A4B62 /* Color.h */ = {isa = PBXFileReference; fileEncoding = 4; lastKnownFileType = sourcecode.c.h; path = Color.h; sourceTree = "<group>"; };
		3056611B10F55183007A4B62 /* Graphics.cpp */ = {isa = PBXFileReference; fileEncoding = 4; lastKnownFileType = sourcecode.cpp.cpp; path = Graphics.cpp; sourceTree = "<group>"; };
		3056611C10F55183007A4B62 /* Graphics.h */ = {isa = PBXFileReference; fileEncoding = 4; lastKnownFileType = sourcecode.c.h; path = Graphics.h; sourceTree = "<group>"; };
		3056611D10F55183007A4B62 /* Log.h */ = {isa = PBXFileReference; fileEncoding = 4; lastKnownFileType = sourcecode.c.h; path = Log.h; sourceTree = "<group>"; };
		3056611E10F55183007A4B62 /* Makefile.am */ = {isa = PBXFileReference; fileEncoding = 4; lastKnownFileType = text; path = Makefile.am; sourceTree = "<group>"; };
		3056612110F55183007A4B62 /* Net.cpp */ = {isa = PBXFileReference; fileEncoding = 4; lastKnownFileType = sourcecode.cpp.cpp; path = Net.cpp; sourceTree = "<group>"; };
		3056612210F55183007A4B62 /* Net.h */ = {isa = PBXFileReference; fileEncoding = 4; lastKnownFileType = sourcecode.c.h; path = Net.h; sourceTree = "<group>"; };
		3056612310F55183007A4B62 /* OscListener.cpp */ = {isa = PBXFileReference; fileEncoding = 4; lastKnownFileType = sourcecode.cpp.cpp; path = OscListener.cpp; sourceTree = "<group>"; };
		3056612410F55183007A4B62 /* OscListener.h */ = {isa = PBXFileReference; fileEncoding = 4; lastKnownFileType = sourcecode.c.h; path = OscListener.h; sourceTree = "<group>"; };
		3056612510F55183007A4B62 /* OscObject.cpp */ = {isa = PBXFileReference; fileEncoding = 4; lastKnownFileType = sourcecode.cpp.cpp; path = OscObject.cpp; sourceTree = "<group>"; };
		3056612610F55183007A4B62 /* OscObject.h */ = {isa = PBXFileReference; fileEncoding = 4; lastKnownFileType = sourcecode.c.h; path = OscObject.h; sourceTree = "<group>"; };
		3056612710F55183007A4B62 /* OscSender.cpp */ = {isa = PBXFileReference; fileEncoding = 4; lastKnownFileType = sourcecode.cpp.cpp; path = OscSender.cpp; sourceTree = "<group>"; };
		3056612810F55183007A4B62 /* OscSender.h */ = {isa = PBXFileReference; fileEncoding = 4; lastKnownFileType = sourcecode.c.h; path = OscSender.h; sourceTree = "<group>"; };
		3056612910F55183007A4B62 /* UdpListener.cpp */ = {isa = PBXFileReference; fileEncoding = 4; lastKnownFileType = sourcecode.cpp.cpp; path = UdpListener.cpp; sourceTree = "<group>"; };
		3056612A10F55183007A4B62 /* UdpListener.h */ = {isa = PBXFileReference; fileEncoding = 4; lastKnownFileType = sourcecode.c.h; path = UdpListener.h; sourceTree = "<group>"; };
		3056612B10F55183007A4B62 /* UdpSender.cpp */ = {isa = PBXFileReference; fileEncoding = 4; lastKnownFileType = sourcecode.cpp.cpp; path = UdpSender.cpp; sourceTree = "<group>"; };
		3056612C10F55183007A4B62 /* UdpSender.h */ = {isa = PBXFileReference; fileEncoding = 4; lastKnownFileType = sourcecode.c.h; path = UdpSender.h; sourceTree = "<group>"; };
		3056612D10F55183007A4B62 /* Thread.cpp */ = {isa = PBXFileReference; fileEncoding = 4; lastKnownFileType = sourcecode.cpp.cpp; path = Thread.cpp; sourceTree = "<group>"; };
		3056612E10F55183007A4B62 /* Thread.h */ = {isa = PBXFileReference; fileEncoding = 4; lastKnownFileType = sourcecode.c.h; path = Thread.h; sourceTree = "<group>"; };
		3056612F10F55183007A4B62 /* visualframework.h */ = {isa = PBXFileReference; fileEncoding = 4; lastKnownFileType = sourcecode.c.h; path = visualframework.h; sourceTree = "<group>"; };
		3056613110F55183007A4B62 /* Xml.cpp */ = {isa = PBXFileReference; fileEncoding = 4; lastKnownFileType = sourcecode.cpp.cpp; path = Xml.cpp; sourceTree = "<group>"; };
		3056613210F55183007A4B62 /* Xml.h */ = {isa = PBXFileReference; fileEncoding = 4; lastKnownFileType = sourcecode.c.h; path = Xml.h; sourceTree = "<group>"; };
		3056613310F55183007A4B62 /* XmlObject.cpp */ = {isa = PBXFileReference; fileEncoding = 4; lastKnownFileType = sourcecode.cpp.cpp; path = XmlObject.cpp; sourceTree = "<group>"; };
		3056613410F55183007A4B62 /* XmlObject.h */ = {isa = PBXFileReference; fileEncoding = 4; lastKnownFileType = sourcecode.c.h; path = XmlObject.h; sourceTree = "<group>"; };
/* End PBXFileReference section */

/* Begin PBXGroup section */
		08FB7794FE84155DC02AAC07 /* visualframework */ = {
			isa = PBXGroup;
			children = (
				3056610810F55183007A4B62 /* src */,
			);
			name = visualframework;
			sourceTree = "<group>";
		};
		3056610810F55183007A4B62 /* src */ = {
			isa = PBXGroup;
			children = (
				3056610A10F55183007A4B62 /* Makefile.am */,
				3056610C10F55183007A4B62 /* tests */,
				3056611510F55183007A4B62 /* visualframework */,
			);
			name = src;
			path = ../../../src;
			sourceTree = SOURCE_ROOT;
		};
		3056610C10F55183007A4B62 /* tests */ = {
			isa = PBXGroup;
			children = (
				3056610D10F55183007A4B62 /* ClassTests.cpp */,
				3056610E10F55183007A4B62 /* ClassTests.h */,
				3056610F10F55183007A4B62 /* Makefile.am */,
				3056611110F55183007A4B62 /* TestApp.cpp */,
				3056611210F55183007A4B62 /* TestApp.h */,
				3056611310F55183007A4B62 /* testMain.cpp */,
				3056611410F55183007A4B62 /* testOSC.pd */,
			);
			path = tests;
			sourceTree = "<group>";
		};
		3056611510F55183007A4B62 /* visualframework */ = {
			isa = PBXGroup;
			children = (
				3056611610F55183007A4B62 /* Application.cpp */,
				3056611710F55183007A4B62 /* Application.h */,
				3056611810F55183007A4B62 /* Common.h */,
				3056611910F55183007A4B62 /* graphics */,
				3056611D10F55183007A4B62 /* Log.h */,
				3056611E10F55183007A4B62 /* Makefile.am */,
				3056612010F55183007A4B62 /* net */,
				3056612D10F55183007A4B62 /* Thread.cpp */,
				3056612E10F55183007A4B62 /* Thread.h */,
				3056612F10F55183007A4B62 /* visualframework.h */,
				3056613010F55183007A4B62 /* xml */,
			);
			path = visualframework;
			sourceTree = "<group>";
		};
		3056611910F55183007A4B62 /* graphics */ = {
			isa = PBXGroup;
			children = (
				3056611A10F55183007A4B62 /* Color.h */,
				3056611B10F55183007A4B62 /* Graphics.cpp */,
				3056611C10F55183007A4B62 /* Graphics.h */,
			);
			path = graphics;
			sourceTree = "<group>";
		};
		3056612010F55183007A4B62 /* net */ = {
			isa = PBXGroup;
			children = (
				3056612110F55183007A4B62 /* Net.cpp */,
				3056612210F55183007A4B62 /* Net.h */,
				3056612310F55183007A4B62 /* OscListener.cpp */,
				3056612410F55183007A4B62 /* OscListener.h */,
				3056612510F55183007A4B62 /* OscObject.cpp */,
				3056612610F55183007A4B62 /* OscObject.h */,
				3056612710F55183007A4B62 /* OscSender.cpp */,
				3056612810F55183007A4B62 /* OscSender.h */,
				3056612910F55183007A4B62 /* UdpListener.cpp */,
				3056612A10F55183007A4B62 /* UdpListener.h */,
				3056612B10F55183007A4B62 /* UdpSender.cpp */,
				3056612C10F55183007A4B62 /* UdpSender.h */,
			);
			path = net;
			sourceTree = "<group>";
		};
		3056613010F55183007A4B62 /* xml */ = {
			isa = PBXGroup;
			children = (
				3056613110F55183007A4B62 /* Xml.cpp */,
				3056613210F55183007A4B62 /* Xml.h */,
				3056613310F55183007A4B62 /* XmlObject.cpp */,
				3056613410F55183007A4B62 /* XmlObject.h */,
			);
			path = xml;
			sourceTree = "<group>";
		};
/* End PBXGroup section */

/* Begin PBXLegacyTarget section */
		305660F310F55105007A4B62 /* all */ = {
			isa = PBXLegacyTarget;
			buildArgumentsString = "$(ACTION)";
			buildConfigurationList = 305660F610F55135007A4B62 /* Build configuration list for PBXLegacyTarget "all" */;
			buildPhases = (
			);
			buildToolPath = /usr/bin/make;
			buildWorkingDirectory = ../../../;
			dependencies = (
			);
			name = all;
			passBuildSettingsInEnvironment = 1;
			productName = all;
		};
/* End PBXLegacyTarget section */

/* Begin PBXProject section */
		08FB7793FE84155DC02AAC07 /* Project object */ = {
			isa = PBXProject;
			buildConfigurationList = 1DEB919308733D9F0010E9CD /* Build configuration list for PBXProject "visualframework" */;
			compatibilityVersion = "Xcode 3.1";
			hasScannedForEncodings = 1;
			mainGroup = 08FB7794FE84155DC02AAC07 /* visualframework */;
			projectDirPath = "";
			projectRoot = "";
			targets = (
				305660F310F55105007A4B62 /* all */,
			);
		};
/* End PBXProject section */

/* Begin XCBuildConfiguration section */
		1DEB919408733D9F0010E9CD /* Debug */ = {
			isa = XCBuildConfiguration;
			buildSettings = {
				ARCHS = "$(ARCHS_STANDARD_64_BIT)";
				GCC_WARN_ABOUT_RETURN_TYPE = YES;
				GCC_WARN_UNUSED_VARIABLE = YES;
				ONLY_ACTIVE_ARCH = YES;
				PREBINDING = NO;
				SDKROOT = macosx10.6;
			};
			name = Debug;
		};
		1DEB919508733D9F0010E9CD /* Release */ = {
			isa = XCBuildConfiguration;
			buildSettings = {
				ARCHS = "$(ARCHS_STANDARD_64_BIT)";
				GCC_WARN_ABOUT_RETURN_TYPE = YES;
				GCC_WARN_UNUSED_VARIABLE = YES;
				PREBINDING = NO;
				SDKROOT = macosx10.6;
			};
			name = Release;
		};
		305660F410F55105007A4B62 /* Debug */ = {
			isa = XCBuildConfiguration;
			buildSettings = {
				COPY_PHASE_STRIP = NO;
				GCC_DYNAMIC_NO_PIC = NO;
				GCC_OPTIMIZATION_LEVEL = 0;
				PRODUCT_NAME = all;
			};
			name = Debug;
		};
		305660F510F55105007A4B62 /* Release */ = {
			isa = XCBuildConfiguration;
			buildSettings = {
				COPY_PHASE_STRIP = YES;
				DEBUG_INFORMATION_FORMAT = "dwarf-with-dsym";
				GCC_ENABLE_FIX_AND_CONTINUE = NO;
				PRODUCT_NAME = all;
				ZERO_LINK = NO;
			};
			name = Release;
		};
/* End XCBuildConfiguration section */

/* Begin XCConfigurationList section */
		1DEB919308733D9F0010E9CD /* Build configuration list for PBXProject "visualframework" */ = {
			isa = XCConfigurationList;
			buildConfigurations = (
				1DEB919408733D9F0010E9CD /* Debug */,
				1DEB919508733D9F0010E9CD /* Release */,
			);
			defaultConfigurationIsVisible = 0;
			defaultConfigurationName = Release;
		};
		305660F610F55135007A4B62 /* Build configuration list for PBXLegacyTarget "all" */ = {
			isa = XCConfigurationList;
			buildConfigurations = (
				305660F410F55105007A4B62 /* Debug */,
				305660F510F55105007A4B62 /* Release */,
			);
			defaultConfigurationIsVisible = 0;
			defaultConfigurationName = Release;
		};
/* End XCConfigurationList section */
	};
	rootObject = 08FB7793FE84155DC02AAC07 /* Project object */;
}
