// !$*UTF8*$!
{
	archiveVersion = 1;
	classes = {
	};
	objectVersion = 45;
	objects = {

/* Begin PBXBuildFile section */
		093B3A262740001296277869 /* Graphics.cpp in Sources */ = {isa = PBXBuildFile; fileRef = 0D6C39946005001296277869 /* Graphics.cpp */; };
		09E938A85A93001296277869 /* Font.cpp in Sources */ = {isa = PBXBuildFile; fileRef = 3F06446E48A9001296277869 /* Font.cpp */; };
		0E23375345CC001296277869 /* Thread.cpp in Sources */ = {isa = PBXBuildFile; fileRef = 5BE26E2634CB001296277869 /* Thread.cpp */; };
		154E39E30611001296277869 /* Image.cpp in Sources */ = {isa = PBXBuildFile; fileRef = 7F4E6FDF24E8001296277869 /* Image.cpp */; };
		1DE728E856D4001296277869 /* Util.cpp in Sources */ = {isa = PBXBuildFile; fileRef = 4EDD2C7F4DA9001296277869 /* Util.cpp */; };
		1F8F21232F1A001296277869 /* SPG_rotation.c in Sources */ = {isa = PBXBuildFile; fileRef = 5A627A571054001296277869 /* SPG_rotation.c */; };
		246E5D5253DF001296277869 /* SPG_surface.c in Sources */ = {isa = PBXBuildFile; fileRef = 602126BA33DF001296277869 /* SPG_surface.c */; };
		3C46459E36E1001296277869 /* Net.cpp in Sources */ = {isa = PBXBuildFile; fileRef = 0449590F7F4F001296277869 /* Net.cpp */; };
		4BAF76CD3F02001296277869 /* SPG_misc.c in Sources */ = {isa = PBXBuildFile; fileRef = 61BD52631191001296277869 /* SPG_misc.c */; };
		4ECF7E6F53C9001296277869 /* UdpReceiver.cpp in Sources */ = {isa = PBXBuildFile; fileRef = 043341DC0B17001296277869 /* UdpReceiver.cpp */; };
		507168C01C15001296277869 /* Application.cpp in Sources */ = {isa = PBXBuildFile; fileRef = 574E61411722001296277869 /* Application.cpp */; };
		541803777AF0001296277869 /* SPG_extended.c in Sources */ = {isa = PBXBuildFile; fileRef = 60402CB87460001296277869 /* SPG_extended.c */; };
		594F05ED2AD9001296277869 /* resize++.cpp in Sources */ = {isa = PBXBuildFile; fileRef = 24C672500AA3001296277869 /* resize++.cpp */; };
		59E01A4B6A0F001296277869 /* UdpSender.cpp in Sources */ = {isa = PBXBuildFile; fileRef = 600B1D135004001296277869 /* UdpSender.cpp */; };
		640676C03DC4001296277869 /* Point.cpp in Sources */ = {isa = PBXBuildFile; fileRef = 259D188F0F9E001296277869 /* Point.cpp */; };
		699D440C0E39001296277869 /* SPG_polygon.c in Sources */ = {isa = PBXBuildFile; fileRef = 497533EB2356001296277869 /* SPG_polygon.c */; };
		6B587CC2581E001296277869 /* SPG_primitives.c in Sources */ = {isa = PBXBuildFile; fileRef = 01397CD67CF7001296277869 /* SPG_primitives.c */; };
/* End PBXBuildFile section */

/* Begin PBXFileReference section */
		00D1267234DF001296277869 /* matrix3.h */ = {isa = PBXFileReference; lastKnownFileType = sourcecode.c.h; path = matrix3.h; sourceTree = "<group>"; };
		01397CD67CF7001296277869 /* SPG_primitives.c */ = {isa = PBXFileReference; lastKnownFileType = sourcecode.c.c; path = SPG_primitives.c; sourceTree = "<group>"; };
		02465C961B06001296277869 /* vector3.h */ = {isa = PBXFileReference; lastKnownFileType = sourcecode.c.h; path = vector3.h; sourceTree = "<group>"; };
		043341DC0B17001296277869 /* UdpReceiver.cpp */ = {isa = PBXFileReference; lastKnownFileType = sourcecode.cpp.cpp; path = UdpReceiver.cpp; sourceTree = "<group>"; };
		0449590F7F4F001296277869 /* Net.cpp */ = {isa = PBXFileReference; lastKnownFileType = sourcecode.cpp.cpp; path = Net.cpp; sourceTree = "<group>"; };
		074D6A0D03EB001296277869 /* Timer.h */ = {isa = PBXFileReference; lastKnownFileType = sourcecode.c.h; path = Timer.h; sourceTree = "<group>"; };
		09C706237D01001296277869 /* jacobiSolver.hpp */ = {isa = PBXFileReference; lastKnownFileType = text; path = jacobiSolver.hpp; sourceTree = "<group>"; };
		09E93C3633AC001296277869 /* quaternion.h */ = {isa = PBXFileReference; lastKnownFileType = sourcecode.c.h; path = quaternion.h; sourceTree = "<group>"; };
		0AA95F183D4C001296277869 /* jacobiSolver.h */ = {isa = PBXFileReference; lastKnownFileType = sourcecode.c.h; path = jacobiSolver.h; sourceTree = "<group>"; };
		0D6C39946005001296277869 /* Graphics.cpp */ = {isa = PBXFileReference; lastKnownFileType = sourcecode.cpp.cpp; path = Graphics.cpp; sourceTree = "<group>"; };
		0EEB794420B2001296277869 /* exception.hpp */ = {isa = PBXFileReference; lastKnownFileType = text; path = exception.hpp; sourceTree = "<group>"; };
		131B5A856E15001296277869 /* libvisualframework.a */ = {isa = PBXFileReference; explicitFileType = archive.ar; includeInIndex = 0; path = libvisualframework.a; sourceTree = BUILT_PRODUCTS_DIR; };
		1343540A6F6F001296277869 /* vector2.h */ = {isa = PBXFileReference; lastKnownFileType = sourcecode.c.h; path = vector2.h; sourceTree = "<group>"; };
		153A2F53785C001296277869 /* vmmlib.h */ = {isa = PBXFileReference; lastKnownFileType = sourcecode.c.h; path = vmmlib.h; sourceTree = "<group>"; };
		17813A6B6589001296277869 /* lapack_linear_least_squares.hpp */ = {isa = PBXFileReference; lastKnownFileType = text; path = lapack_linear_least_squares.hpp; sourceTree = "<group>"; };
		1A502CAA00FB001296277869 /* sprig_common.h */ = {isa = PBXFileReference; lastKnownFileType = sourcecode.c.h; path = sprig_common.h; sourceTree = "<group>"; };
		1B924DDA2CB4001296277869 /* sprig_inline.h */ = {isa = PBXFileReference; lastKnownFileType = sourcecode.c.h; path = sprig_inline.h; sourceTree = "<group>"; };
		1B9E5F517C6B001296277869 /* stringUtils.hpp */ = {isa = PBXFileReference; lastKnownFileType = text; path = stringUtils.hpp; sourceTree = "<group>"; };
		1D283CF939B4001296277869 /* Point.h */ = {isa = PBXFileReference; lastKnownFileType = sourcecode.c.h; path = Point.h; sourceTree = "<group>"; };
		1E376D801B43001296277869 /* UdpSender.h */ = {isa = PBXFileReference; lastKnownFileType = sourcecode.c.h; path = UdpSender.h; sourceTree = "<group>"; };
		1E9D55FF5AAE001296277869 /* Net.h */ = {isa = PBXFileReference; lastKnownFileType = sourcecode.c.h; path = Net.h; sourceTree = "<group>"; };
		22D9650004B5001296277869 /* frustumCuller.hpp */ = {isa = PBXFileReference; lastKnownFileType = text; path = frustumCuller.hpp; sourceTree = "<group>"; };
		24C672500AA3001296277869 /* resize++.cpp */ = {isa = PBXFileReference; lastKnownFileType = sourcecode.cpp.cpp; path = "resize++.cpp"; sourceTree = "<group>"; };
		259D188F0F9E001296277869 /* Point.cpp */ = {isa = PBXFileReference; lastKnownFileType = sourcecode.cpp.cpp; path = Point.cpp; sourceTree = "<group>"; };
		27D2687821DB001296277869 /* matrix_functors.hpp */ = {isa = PBXFileReference; lastKnownFileType = text; path = matrix_functors.hpp; sourceTree = "<group>"; };
		29FD2F925904001296277869 /* Common.h */ = {isa = PBXFileReference; lastKnownFileType = sourcecode.c.h; path = Common.h; sourceTree = "<group>"; };
		2A04269872C2001296277869 /* matrix4.h */ = {isa = PBXFileReference; lastKnownFileType = sourcecode.c.h; path = matrix4.h; sourceTree = "<group>"; };
		2E6703B10C19001296277869 /* linear_least_squares.hpp */ = {isa = PBXFileReference; lastKnownFileType = text; path = linear_least_squares.hpp; sourceTree = "<group>"; };
		310217D74F76001296277869 /* helperFunctions.h */ = {isa = PBXFileReference; lastKnownFileType = sourcecode.c.h; path = helperFunctions.h; sourceTree = "<group>"; };
		394B77F2632F001296277869 /* lapack_types.hpp */ = {isa = PBXFileReference; lastKnownFileType = text; path = lapack_types.hpp; sourceTree = "<group>"; };
		3A3F2EF228CF001296277869 /* Exception.h */ = {isa = PBXFileReference; lastKnownFileType = sourcecode.c.h; path = Exception.h; sourceTree = "<group>"; };
		3D6367CE1A11001296277869 /* vector.hpp */ = {isa = PBXFileReference; lastKnownFileType = text; path = vector.hpp; sourceTree = "<group>"; };
		3EFF7CA81B7F001296277869 /* resize++.h */ = {isa = PBXFileReference; lastKnownFileType = sourcecode.c.h; path = "resize++.h"; sourceTree = "<group>"; };
		3F06446E48A9001296277869 /* Font.cpp */ = {isa = PBXFileReference; lastKnownFileType = sourcecode.cpp.cpp; path = Font.cpp; sourceTree = "<group>"; };
		4114335115E2001296277869 /* lapack_svd.hpp */ = {isa = PBXFileReference; lastKnownFileType = text; path = lapack_svd.hpp; sourceTree = "<group>"; };
		42D06EAB4E84001296277869 /* visibility.h */ = {isa = PBXFileReference; lastKnownFileType = sourcecode.c.h; path = visibility.h; sourceTree = "<group>"; };
		45FA428C1194001296277869 /* frustum.h */ = {isa = PBXFileReference; lastKnownFileType = sourcecode.c.h; path = frustum.h; sourceTree = "<group>"; };
		469717D61978001296277869 /* Application.h */ = {isa = PBXFileReference; lastKnownFileType = sourcecode.c.h; path = Application.h; sourceTree = "<group>"; };
		47DC56144120001296277869 /* frustum.hpp */ = {isa = PBXFileReference; lastKnownFileType = text; path = frustum.hpp; sourceTree = "<group>"; };
		493B765C21EA001296277869 /* Log.h */ = {isa = PBXFileReference; lastKnownFileType = sourcecode.c.h; path = Log.h; sourceTree = "<group>"; };
		497533EB2356001296277869 /* SPG_polygon.c */ = {isa = PBXFileReference; lastKnownFileType = sourcecode.c.c; path = SPG_polygon.c; sourceTree = "<group>"; };
		4A147FB0063F001296277869 /* vector4.h */ = {isa = PBXFileReference; lastKnownFileType = sourcecode.c.h; path = vector4.h; sourceTree = "<group>"; };
		4D3238326A4D001296277869 /* matrix.hpp */ = {isa = PBXFileReference; lastKnownFileType = text; path = matrix.hpp; sourceTree = "<group>"; };
		4EDD2C7F4DA9001296277869 /* Util.cpp */ = {isa = PBXFileReference; lastKnownFileType = sourcecode.cpp.cpp; path = Util.cpp; sourceTree = "<group>"; };
		53721EBC5D16001296277869 /* visualframework.h */ = {isa = PBXFileReference; lastKnownFileType = sourcecode.c.h; path = visualframework.h; sourceTree = "<group>"; };
		53C06B1A3791001296277869 /* frustumCuller.h */ = {isa = PBXFileReference; lastKnownFileType = sourcecode.c.h; path = frustumCuller.h; sourceTree = "<group>"; };
		559F4FCB204C001296277869 /* Thread.h */ = {isa = PBXFileReference; lastKnownFileType = sourcecode.c.h; path = Thread.h; sourceTree = "<group>"; };
		560F1B82295E001296277869 /* lapack_includes.hpp */ = {isa = PBXFileReference; lastKnownFileType = text; path = lapack_includes.hpp; sourceTree = "<group>"; };
		567330616AAB001296277869 /* visibility.hpp */ = {isa = PBXFileReference; lastKnownFileType = text; path = visibility.hpp; sourceTree = "<group>"; };
		56962009435F001296277869 /* svd.hpp */ = {isa = PBXFileReference; lastKnownFileType = text; path = svd.hpp; sourceTree = "<group>"; };
		574E61411722001296277869 /* Application.cpp */ = {isa = PBXFileReference; lastKnownFileType = sourcecode.cpp.cpp; path = Application.cpp; sourceTree = "<group>"; };
		59CB292C2380001296277869 /* lapack.hpp */ = {isa = PBXFileReference; lastKnownFileType = text; path = lapack.hpp; sourceTree = "<group>"; };
		5A627A571054001296277869 /* SPG_rotation.c */ = {isa = PBXFileReference; lastKnownFileType = sourcecode.c.c; path = SPG_rotation.c; sourceTree = "<group>"; };
		5BDB181941DD001296277869 /* Color.h */ = {isa = PBXFileReference; lastKnownFileType = sourcecode.c.h; path = Color.h; sourceTree = "<group>"; };
		5BE26E2634CB001296277869 /* Thread.cpp */ = {isa = PBXFileReference; lastKnownFileType = sourcecode.cpp.cpp; path = Thread.cpp; sourceTree = "<group>"; };
		5F6903596EF9001296277869 /* vmmlib_config.hpp */ = {isa = PBXFileReference; lastKnownFileType = text; path = vmmlib_config.hpp; sourceTree = "<group>"; };
		600B1D135004001296277869 /* UdpSender.cpp */ = {isa = PBXFileReference; lastKnownFileType = sourcecode.cpp.cpp; path = UdpSender.cpp; sourceTree = "<group>"; };
		602126BA33DF001296277869 /* SPG_surface.c */ = {isa = PBXFileReference; lastKnownFileType = sourcecode.c.c; path = SPG_surface.c; sourceTree = "<group>"; };
		60402CB87460001296277869 /* SPG_extended.c */ = {isa = PBXFileReference; lastKnownFileType = sourcecode.c.c; path = SPG_extended.c; sourceTree = "<group>"; };
		615126897CEB001296277869 /* svd.h */ = {isa = PBXFileReference; lastKnownFileType = sourcecode.c.h; path = svd.h; sourceTree = "<group>"; };
		61BD52631191001296277869 /* SPG_misc.c */ = {isa = PBXFileReference; lastKnownFileType = sourcecode.c.c; path = SPG_misc.c; sourceTree = "<group>"; };
		62373E10245D001296277869 /* qr_decomposition.hpp */ = {isa = PBXFileReference; lastKnownFileType = text; path = qr_decomposition.hpp; sourceTree = "<group>"; };
		65006E8314E3001296277869 /* UdpReceiver.h */ = {isa = PBXFileReference; lastKnownFileType = sourcecode.c.h; path = UdpReceiver.h; sourceTree = "<group>"; };
		65E05B7E6EB8001296277869 /* sprig.h */ = {isa = PBXFileReference; lastKnownFileType = sourcecode.c.h; path = sprig.h; sourceTree = "<group>"; };
		6C0031A81B01001296277869 /* quaternion.hpp */ = {isa = PBXFileReference; lastKnownFileType = text; path = quaternion.hpp; sourceTree = "<group>"; };
		6F7D049C2834001296277869 /* Graphics.h */ = {isa = PBXFileReference; lastKnownFileType = sourcecode.c.h; path = Graphics.h; sourceTree = "<group>"; };
		73981C194F30001296277869 /* axisAlignedBoundingBox.h */ = {isa = PBXFileReference; lastKnownFileType = sourcecode.c.h; path = axisAlignedBoundingBox.h; sourceTree = "<group>"; };
		74837E55173A001296277869 /* Image.h */ = {isa = PBXFileReference; lastKnownFileType = sourcecode.c.h; path = Image.h; sourceTree = "<group>"; };
		79EF4915339A001296277869 /* vmmlib.hpp */ = {isa = PBXFileReference; lastKnownFileType = text; path = vmmlib.hpp; sourceTree = "<group>"; };
		7A610C7379F6001296277869 /* Font.h */ = {isa = PBXFileReference; lastKnownFileType = sourcecode.c.h; path = Font.h; sourceTree = "<group>"; };
		7C6C2E9C2E5C001296277869 /* stringUtils.h */ = {isa = PBXFileReference; lastKnownFileType = sourcecode.c.h; path = stringUtils.h; sourceTree = "<group>"; };
		7F4E6FDF24E8001296277869 /* Image.cpp */ = {isa = PBXFileReference; lastKnownFileType = sourcecode.cpp.cpp; path = Image.cpp; sourceTree = "<group>"; };
		7FD047C97292001296277869 /* Util.h */ = {isa = PBXFileReference; lastKnownFileType = sourcecode.c.h; path = Util.h; sourceTree = "<group>"; };
		7FE45C5A55C5001296277869 /* details.hpp */ = {isa = PBXFileReference; lastKnownFileType = text; path = details.hpp; sourceTree = "<group>"; };
/* End PBXFileReference section */

/* Begin PBXFrameworksBuildPhase section */
		162D6E0E6C5F001296277869 /* Frameworks */ = {
			isa = PBXFrameworksBuildPhase;
			buildActionMask = 2147483647;
			files = (
			);
			runOnlyForDeploymentPostprocessing = 0;
		};
/* End PBXFrameworksBuildPhase section */

/* Begin PBXGroup section */
		207051D92B7A001296277869 /* visualframework */ = {
			isa = PBXGroup;
			children = (
				574E61411722001296277869 /* Application.cpp */,
				469717D61978001296277869 /* Application.h */,
				29FD2F925904001296277869 /* Common.h */,
				3A3F2EF228CF001296277869 /* Exception.h */,
				493B765C21EA001296277869 /* Log.h */,
				259D188F0F9E001296277869 /* Point.cpp */,
				1D283CF939B4001296277869 /* Point.h */,
				5BE26E2634CB001296277869 /* Thread.cpp */,
				559F4FCB204C001296277869 /* Thread.h */,
				074D6A0D03EB001296277869 /* Timer.h */,
				4EDD2C7F4DA9001296277869 /* Util.cpp */,
				7FD047C97292001296277869 /* Util.h */,
				76DA7F0B5D89001296277869 /* graphics */,
				617F5EBF7C5A001296277869 /* net */,
				53721EBC5D16001296277869 /* visualframework.h */,
				62DE685F6F3C001296277869 /* vmmlib */,
			);
			path = visualframework;
			sourceTree = "<group>";
		};
		2CFD443F16AF001296277869 /* Products */ = {
			isa = PBXGroup;
			children = (
				131B5A856E15001296277869 /* libvisualframework.a */,
			);
			name = Products;
			sourceTree = "<group>";
		};
		4B9F62501913001296277869 /* sprig */ = {
			isa = PBXGroup;
			children = (
				60402CB87460001296277869 /* SPG_extended.c */,
				61BD52631191001296277869 /* SPG_misc.c */,
				497533EB2356001296277869 /* SPG_polygon.c */,
				01397CD67CF7001296277869 /* SPG_primitives.c */,
				5A627A571054001296277869 /* SPG_rotation.c */,
				602126BA33DF001296277869 /* SPG_surface.c */,
				65E05B7E6EB8001296277869 /* sprig.h */,
				1A502CAA00FB001296277869 /* sprig_common.h */,
				1B924DDA2CB4001296277869 /* sprig_inline.h */,
			);
			path = sprig;
			sourceTree = "<group>";
		};
		52CA764B4E98001296277869 /* visualframework */ = {
			isa = PBXGroup;
			children = (
				794666EE43C6001296277869 /* src */,
				2CFD443F16AF001296277869 /* Products */,
			);
			name = visualframework;
			sourceTree = "<group>";
		};
		617F5EBF7C5A001296277869 /* net */ = {
			isa = PBXGroup;
			children = (
				0449590F7F4F001296277869 /* Net.cpp */,
				1E9D55FF5AAE001296277869 /* Net.h */,
				043341DC0B17001296277869 /* UdpReceiver.cpp */,
				65006E8314E3001296277869 /* UdpReceiver.h */,
				600B1D135004001296277869 /* UdpSender.cpp */,
				1E376D801B43001296277869 /* UdpSender.h */,
			);
			path = net;
			sourceTree = "<group>";
		};
		62DE685F6F3C001296277869 /* vmmlib */ = {
			isa = PBXGroup;
			children = (
				73981C194F30001296277869 /* axisAlignedBoundingBox.h */,
				7FE45C5A55C5001296277869 /* details.hpp */,
				0EEB794420B2001296277869 /* exception.hpp */,
				45FA428C1194001296277869 /* frustum.h */,
				47DC56144120001296277869 /* frustum.hpp */,
				53C06B1A3791001296277869 /* frustumCuller.h */,
				22D9650004B5001296277869 /* frustumCuller.hpp */,
				310217D74F76001296277869 /* helperFunctions.h */,
				0AA95F183D4C001296277869 /* jacobiSolver.h */,
				09C706237D01001296277869 /* jacobiSolver.hpp */,
				59CB292C2380001296277869 /* lapack.hpp */,
				560F1B82295E001296277869 /* lapack_includes.hpp */,
				17813A6B6589001296277869 /* lapack_linear_least_squares.hpp */,
				4114335115E2001296277869 /* lapack_svd.hpp */,
				394B77F2632F001296277869 /* lapack_types.hpp */,
				2E6703B10C19001296277869 /* linear_least_squares.hpp */,
				4D3238326A4D001296277869 /* matrix.hpp */,
				00D1267234DF001296277869 /* matrix3.h */,
				2A04269872C2001296277869 /* matrix4.h */,
				27D2687821DB001296277869 /* matrix_functors.hpp */,
				62373E10245D001296277869 /* qr_decomposition.hpp */,
				09E93C3633AC001296277869 /* quaternion.h */,
				6C0031A81B01001296277869 /* quaternion.hpp */,
				7C6C2E9C2E5C001296277869 /* stringUtils.h */,
				1B9E5F517C6B001296277869 /* stringUtils.hpp */,
				615126897CEB001296277869 /* svd.h */,
				56962009435F001296277869 /* svd.hpp */,
				3D6367CE1A11001296277869 /* vector.hpp */,
				1343540A6F6F001296277869 /* vector2.h */,
				02465C961B06001296277869 /* vector3.h */,
				4A147FB0063F001296277869 /* vector4.h */,
				42D06EAB4E84001296277869 /* visibility.h */,
				567330616AAB001296277869 /* visibility.hpp */,
				153A2F53785C001296277869 /* vmmlib.h */,
				79EF4915339A001296277869 /* vmmlib.hpp */,
				5F6903596EF9001296277869 /* vmmlib_config.hpp */,
			);
			path = vmmlib;
			sourceTree = "<group>";
		};
		6A1F42F8557B001296277869 /* resize */ = {
			isa = PBXGroup;
			children = (
				24C672500AA3001296277869 /* resize++.cpp */,
				3EFF7CA81B7F001296277869 /* resize++.h */,
			);
			path = resize;
			sourceTree = "<group>";
		};
		76DA7F0B5D89001296277869 /* graphics */ = {
			isa = PBXGroup;
			children = (
				5BDB181941DD001296277869 /* Color.h */,
				3F06446E48A9001296277869 /* Font.cpp */,
				7A610C7379F6001296277869 /* Font.h */,
				0D6C39946005001296277869 /* Graphics.cpp */,
				6F7D049C2834001296277869 /* Graphics.h */,
				7F4E6FDF24E8001296277869 /* Image.cpp */,
				74837E55173A001296277869 /* Image.h */,
				6A1F42F8557B001296277869 /* resize */,
				4B9F62501913001296277869 /* sprig */,
			);
			path = graphics;
			sourceTree = "<group>";
		};
		794666EE43C6001296277869 /* src */ = {
			isa = PBXGroup;
			children = (
				207051D92B7A001296277869 /* visualframework */,
			);
			name = src;
			path = ../src;
			sourceTree = "<group>";
		};
/* End PBXGroup section */

/* Begin PBXNativeTarget section */
		502A17C339C5001296277869 /* visualframework */ = {
			isa = PBXNativeTarget;
			buildConfigurationList = 441E406670A1001296277869 /* Build configuration list for PBXNativeTarget "visualframework" */;
			buildPhases = (
				0C7632EF732B001296277869 /* Resources */,
				18E71A157078001296277869 /* Sources */,
				162D6E0E6C5F001296277869 /* Frameworks */,
			);
			buildRules = (
			);
			dependencies = (
			);
			name = visualframework;
			productName = visualframework;
			productReference = 131B5A856E15001296277869 /* libvisualframework.a */;
			productType = "com.apple.product-type.library.static";
		};
/* End PBXNativeTarget section */

/* Begin PBXProject section */
		08FB7793FE84155DC02AAC07 /* Project object */ = {
			isa = PBXProject;
			buildConfigurationList = 1DEB928908733DD80010E9CD /* Build configuration list for PBXProject "visualframework" */;
			compatibilityVersion = "Xcode 3.1";
			developmentRegion = English;
			hasScannedForEncodings = 1;
			knownRegions = (
				English,
				Japanese,
				French,
				German,
			);
			mainGroup = 52CA764B4E98001296277869 /* visualframework */;
			projectDirPath = "";
			projectRoot = "";
			targets = (
				502A17C339C5001296277869 /* visualframework */,
			);
		};
/* End PBXProject section */

/* Begin PBXResourcesBuildPhase section */
		0C7632EF732B001296277869 /* Resources */ = {
			isa = PBXResourcesBuildPhase;
			buildActionMask = 2147483647;
			files = (
			);
			runOnlyForDeploymentPostprocessing = 0;
		};
/* End PBXResourcesBuildPhase section */

/* Begin PBXSourcesBuildPhase section */
		18E71A157078001296277869 /* Sources */ = {
			isa = PBXSourcesBuildPhase;
			buildActionMask = 2147483647;
			files = (
				507168C01C15001296277869 /* Application.cpp in Sources */,
				640676C03DC4001296277869 /* Point.cpp in Sources */,
				0E23375345CC001296277869 /* Thread.cpp in Sources */,
				1DE728E856D4001296277869 /* Util.cpp in Sources */,
				09E938A85A93001296277869 /* Font.cpp in Sources */,
				093B3A262740001296277869 /* Graphics.cpp in Sources */,
				154E39E30611001296277869 /* Image.cpp in Sources */,
				594F05ED2AD9001296277869 /* resize++.cpp in Sources */,
				541803777AF0001296277869 /* SPG_extended.c in Sources */,
				4BAF76CD3F02001296277869 /* SPG_misc.c in Sources */,
				699D440C0E39001296277869 /* SPG_polygon.c in Sources */,
				6B587CC2581E001296277869 /* SPG_primitives.c in Sources */,
				1F8F21232F1A001296277869 /* SPG_rotation.c in Sources */,
				246E5D5253DF001296277869 /* SPG_surface.c in Sources */,
				3C46459E36E1001296277869 /* Net.cpp in Sources */,
				4ECF7E6F53C9001296277869 /* UdpReceiver.cpp in Sources */,
				59E01A4B6A0F001296277869 /* UdpSender.cpp in Sources */,
			);
			runOnlyForDeploymentPostprocessing = 0;
		};
/* End PBXSourcesBuildPhase section */

/* Begin XCBuildConfiguration section */
		08733F215014001296277869 /* Release */ = {
			isa = XCBuildConfiguration;
			buildSettings = {
				ARCHS = "$(NATIVE_ARCH_ACTUAL)";
				CONFIGURATION_BUILD_DIR = "$(SYMROOT)";
				CONFIGURATION_TEMP_DIR = "$(OBJROOT)";
				GCC_C_LANGUAGE_STANDARD = gnu99;
				GCC_OPTIMIZATION_LEVEL = s;
				GCC_PREPROCESSOR_DEFINITIONS = NDEBUG;
				GCC_WARN_ABOUT_RETURN_TYPE = YES;
				GCC_WARN_UNUSED_VARIABLE = YES;
				HEADER_SEARCH_PATHS = (
					../src,
					../src/visualframework,
					../../../../../../../opt/local/include,
				);
				LIBRARY_SEARCH_PATHS = ../../../../../../../opt/local/lib;
				OBJROOT = ../obj/Release/visualframework;
				ONLY_ACTIVE_ARCH = NO;
				OTHER_CFLAGS = "-fvisibility-inlines-hidden";
				PREBINDING = NO;
				SYMROOT = ../src/visualframework;
			};
			name = Release;
		};
		092361742CA4001296277869 /* Debug */ = {
			isa = XCBuildConfiguration;
			buildSettings = {
				ALWAYS_SEARCH_USER_PATHS = NO;
				CONFIGURATION_BUILD_DIR = ../src/visualframework;
				GCC_DYNAMIC_NO_PIC = NO;
				GCC_MODEL_TUNING = G5;
				INSTALL_PATH = /usr/local/lib;
				PRODUCT_NAME = visualframework;
			};
			name = Debug;
		};
		59D41AD9275D001296277869 /* Release */ = {
			isa = XCBuildConfiguration;
			buildSettings = {
				ALWAYS_SEARCH_USER_PATHS = NO;
				CONFIGURATION_BUILD_DIR = ../src/visualframework;
				DEBUG_INFORMATION_FORMAT = "dwarf-with-dsym";
				GCC_DYNAMIC_NO_PIC = NO;
				GCC_MODEL_TUNING = G5;
				INSTALL_PATH = /usr/local/lib;
				PRODUCT_NAME = visualframework;
			};
			name = Release;
		};
		69A62FA7355E001296277869 /* Debug */ = {
			isa = XCBuildConfiguration;
			buildSettings = {
				ARCHS = "$(NATIVE_ARCH_ACTUAL)";
				CONFIGURATION_BUILD_DIR = "$(SYMROOT)";
				CONFIGURATION_TEMP_DIR = "$(OBJROOT)";
				COPY_PHASE_STRIP = NO;
				GCC_C_LANGUAGE_STANDARD = gnu99;
				GCC_ENABLE_FIX_AND_CONTINUE = YES;
				GCC_OPTIMIZATION_LEVEL = 0;
				GCC_PREPROCESSOR_DEFINITIONS = DEBUG;
				GCC_WARN_ABOUT_RETURN_TYPE = YES;
				GCC_WARN_UNUSED_VARIABLE = YES;
				HEADER_SEARCH_PATHS = (
					../src,
					../src/visualframework,
					../../../../../../../opt/local/include,
				);
				LIBRARY_SEARCH_PATHS = ../../../../../../../opt/local/lib;
				OBJROOT = ../obj/Debug/visualframework;
				ONLY_ACTIVE_ARCH = NO;
				OTHER_CFLAGS = "-fvisibility-inlines-hidden";
				PREBINDING = NO;
				SYMROOT = ../src/visualframework;
			};
			name = Debug;
		};
/* End XCBuildConfiguration section */

/* Begin XCConfigurationList section */
		1DEB928908733DD80010E9CD /* Build configuration list for PBXProject "visualframework" */ = {
			isa = XCConfigurationList;
			buildConfigurations = (
				69A62FA7355E001296277869 /* Debug */,
				08733F215014001296277869 /* Release */,
			);
			defaultConfigurationIsVisible = 0;
			defaultConfigurationName = Debug;
		};
		441E406670A1001296277869 /* Build configuration list for PBXNativeTarget "visualframework" */ = {
			isa = XCConfigurationList;
			buildConfigurations = (
				092361742CA4001296277869 /* Debug */,
				59D41AD9275D001296277869 /* Release */,
			);
			defaultConfigurationIsVisible = 0;
			defaultConfigurationName = Debug;
		};
/* End XCConfigurationList section */
	};
	rootObject = 08FB7793FE84155DC02AAC07 /* Project object */;
}
